// !$*UTF8*$!
{
	archiveVersion = 1;
	classes = {
	};
	objectVersion = 46;
	objects = {

/* Begin PBXBuildFile section */
		181FFA501E4AEDC500811DA8 /* createTree.cpp in Sources */ = {isa = PBXBuildFile; fileRef = 181FFA4F1E4AEDC500811DA8 /* createTree.cpp */; };
		18773C901EB1A77D00CC2508 /* GameTest.cpp in Sources */ = {isa = PBXBuildFile; fileRef = 18773C8F1EB1A77D00CC2508 /* GameTest.cpp */; };
		18992C061E24BA8200763620 /* CLRSTest.cpp in Sources */ = {isa = PBXBuildFile; fileRef = 18992C051E24BA8200763620 /* CLRSTest.cpp */; };
		18992C081E25FCCA00763620 /* DPTest.cpp in Sources */ = {isa = PBXBuildFile; fileRef = 18992C071E25FCCA00763620 /* DPTest.cpp */; };
		189C29BE1DE1429700E0439F /* main.cpp in Sources */ = {isa = PBXBuildFile; fileRef = 189C29BD1DE1429700E0439F /* main.cpp */; };
		18CAF7521E9E2D6D00F29212 /* GraphicsTest.cpp in Sources */ = {isa = PBXBuildFile; fileRef = 18CAF7511E9E2D6D00F29212 /* GraphicsTest.cpp */; };
/* End PBXBuildFile section */

/* Begin PBXCopyFilesBuildPhase section */
		189C29B81DE1429600E0439F /* CopyFiles */ = {
			isa = PBXCopyFilesBuildPhase;
			buildActionMask = 2147483647;
			dstPath = /usr/share/man/man1/;
			dstSubfolderSpec = 0;
			files = (
			);
			runOnlyForDeploymentPostprocessing = 1;
		};
/* End PBXCopyFilesBuildPhase section */

/* Begin PBXFileReference section */
		181FFA4F1E4AEDC500811DA8 /* createTree.cpp */ = {isa = PBXFileReference; fileEncoding = 4; lastKnownFileType = sourcecode.cpp.cpp; path = createTree.cpp; sourceTree = "<group>"; };
		18773C8F1EB1A77D00CC2508 /* GameTest.cpp */ = {isa = PBXFileReference; fileEncoding = 4; lastKnownFileType = sourcecode.cpp.cpp; path = GameTest.cpp; sourceTree = "<group>"; };
		18992C051E24BA8200763620 /* CLRSTest.cpp */ = {isa = PBXFileReference; fileEncoding = 4; lastKnownFileType = sourcecode.cpp.cpp; path = CLRSTest.cpp; sourceTree = "<group>"; };
		18992C071E25FCCA00763620 /* DPTest.cpp */ = {isa = PBXFileReference; fileEncoding = 4; lastKnownFileType = sourcecode.cpp.cpp; path = DPTest.cpp; sourceTree = "<group>"; };
		189C29BA1DE1429700E0439F /* zss */ = {isa = PBXFileReference; explicitFileType = "compiled.mach-o.executable"; includeInIndex = 0; path = zss; sourceTree = BUILT_PRODUCTS_DIR; };
		189C29BD1DE1429700E0439F /* main.cpp */ = {isa = PBXFileReference; lastKnownFileType = sourcecode.cpp.cpp; path = main.cpp; sourceTree = "<group>"; };
		18CAF7511E9E2D6D00F29212 /* GraphicsTest.cpp */ = {isa = PBXFileReference; fileEncoding = 4; lastKnownFileType = sourcecode.cpp.cpp; path = GraphicsTest.cpp; sourceTree = "<group>"; };
/* End PBXFileReference section */

/* Begin PBXFrameworksBuildPhase section */
		189C29B71DE1429600E0439F /* Frameworks */ = {
			isa = PBXFrameworksBuildPhase;
			buildActionMask = 2147483647;
			files = (
			);
			runOnlyForDeploymentPostprocessing = 0;
		};
/* End PBXFrameworksBuildPhase section */

/* Begin PBXGroup section */
		189C29B11DE1429600E0439F = {
			isa = PBXGroup;
			children = (
				18CAF7511E9E2D6D00F29212 /* GraphicsTest.cpp */,
				189C29BC1DE1429700E0439F /* zss */,
				189C29BB1DE1429700E0439F /* Products */,
			);
			sourceTree = "<group>";
		};
		189C29BB1DE1429700E0439F /* Products */ = {
			isa = PBXGroup;
			children = (
				189C29BA1DE1429700E0439F /* zss */,
			);
			name = Products;
			sourceTree = "<group>";
		};
		189C29BC1DE1429700E0439F /* zss */ = {
			isa = PBXGroup;
			children = (
				189C29BD1DE1429700E0439F /* main.cpp */,
				18992C051E24BA8200763620 /* CLRSTest.cpp */,
				18992C071E25FCCA00763620 /* DPTest.cpp */,
				181FFA4F1E4AEDC500811DA8 /* createTree.cpp */,
				18773C8F1EB1A77D00CC2508 /* GameTest.cpp */,
			);
			path = zss;
			sourceTree = "<group>";
		};
/* End PBXGroup section */

/* Begin PBXNativeTarget section */
		189C29B91DE1429600E0439F /* zss */ = {
			isa = PBXNativeTarget;
			buildConfigurationList = 189C29C11DE1429700E0439F /* Build configuration list for PBXNativeTarget "zss" */;
			buildPhases = (
				189C29B61DE1429600E0439F /* Sources */,
				189C29B71DE1429600E0439F /* Frameworks */,
				189C29B81DE1429600E0439F /* CopyFiles */,
			);
			buildRules = (
			);
			dependencies = (
			);
			name = zss;
			productName = zss;
			productReference = 189C29BA1DE1429700E0439F /* zss */;
			productType = "com.apple.product-type.tool";
		};
/* End PBXNativeTarget section */

/* Begin PBXProject section */
		189C29B21DE1429600E0439F /* Project object */ = {
			isa = PBXProject;
			attributes = {
				LastUpgradeCheck = 0810;
				ORGANIZATIONNAME = "Shishen Zhang";
				TargetAttributes = {
					189C29B91DE1429600E0439F = {
						CreatedOnToolsVersion = 8.1;
						ProvisioningStyle = Automatic;
					};
				};
			};
			buildConfigurationList = 189C29B51DE1429600E0439F /* Build configuration list for PBXProject "zss" */;
			compatibilityVersion = "Xcode 3.2";
			developmentRegion = English;
			hasScannedForEncodings = 0;
			knownRegions = (
				en,
			);
			mainGroup = 189C29B11DE1429600E0439F;
			productRefGroup = 189C29BB1DE1429700E0439F /* Products */;
			projectDirPath = "";
			projectRoot = "";
			targets = (
				189C29B91DE1429600E0439F /* zss */,
			);
		};
/* End PBXProject section */

/* Begin PBXSourcesBuildPhase section */
		189C29B61DE1429600E0439F /* Sources */ = {
			isa = PBXSourcesBuildPhase;
			buildActionMask = 2147483647;
			files = (
				18992C081E25FCCA00763620 /* DPTest.cpp in Sources */,
				18CAF7521E9E2D6D00F29212 /* GraphicsTest.cpp in Sources */,
				189C29BE1DE1429700E0439F /* main.cpp in Sources */,
				18992C061E24BA8200763620 /* CLRSTest.cpp in Sources */,
				181FFA501E4AEDC500811DA8 /* createTree.cpp in Sources */,
				18773C901EB1A77D00CC2508 /* GameTest.cpp in Sources */,
			);
			runOnlyForDeploymentPostprocessing = 0;
		};
/* End PBXSourcesBuildPhase section */

/* Begin XCBuildConfiguration section */
		189C29BF1DE1429700E0439F /* Debug */ = {
			isa = XCBuildConfiguration;
			buildSettings = {
				ALWAYS_SEARCH_USER_PATHS = NO;
				CLANG_ANALYZER_NONNULL = YES;
				CLANG_CXX_LANGUAGE_STANDARD = "gnu++0x";
				CLANG_CXX_LIBRARY = "libc++";
				CLANG_ENABLE_MODULES = YES;
				CLANG_ENABLE_OBJC_ARC = YES;
				CLANG_WARN_BOOL_CONVERSION = YES;
				CLANG_WARN_CONSTANT_CONVERSION = YES;
				CLANG_WARN_DIRECT_OBJC_ISA_USAGE = YES_ERROR;
				CLANG_WARN_DOCUMENTATION_COMMENTS = YES;
				CLANG_WARN_EMPTY_BODY = YES;
				CLANG_WARN_ENUM_CONVERSION = YES;
				CLANG_WARN_INFINITE_RECURSION = YES;
				CLANG_WARN_INT_CONVERSION = YES;
				CLANG_WARN_OBJC_ROOT_CLASS = YES_ERROR;
				CLANG_WARN_SUSPICIOUS_MOVES = YES;
				CLANG_WARN_UNREACHABLE_CODE = YES;
				CLANG_WARN__DUPLICATE_METHOD_MATCH = YES;
				CODE_SIGN_IDENTITY = "-";
				COPY_PHASE_STRIP = NO;
				DEBUG_INFORMATION_FORMAT = dwarf;
				ENABLE_STRICT_OBJC_MSGSEND = YES;
				ENABLE_TESTABILITY = YES;
				GCC_C_LANGUAGE_STANDARD = gnu99;
				GCC_DYNAMIC_NO_PIC = NO;
				GCC_NO_COMMON_BLOCKS = YES;
				GCC_OPTIMIZATION_LEVEL = 0;
				GCC_PREPROCESSOR_DEFINITIONS = (
					"DEBUG=1",
					"$(inherited)",
				);
				GCC_WARN_64_TO_32_BIT_CONVERSION = YES;
				GCC_WARN_ABOUT_RETURN_TYPE = YES_ERROR;
				GCC_WARN_UNDECLARED_SELECTOR = YES;
				GCC_WARN_UNINITIALIZED_AUTOS = YES_AGGRESSIVE;
				GCC_WARN_UNUSED_FUNCTION = YES;
				GCC_WARN_UNUSED_VARIABLE = YES;
				MACOSX_DEPLOYMENT_TARGET = 10.12;
				MTL_ENABLE_DEBUG_INFO = YES;
				ONLY_ACTIVE_ARCH = YES;
				SDKROOT = macosx;
			};
			name = Debug;
		};
		189C29C01DE1429700E0439F /* Release */ = {
			isa = XCBuildConfiguration;
			buildSettings = {
				ALWAYS_SEARCH_USER_PATHS = NO;
				CLANG_ANALYZER_NONNULL = YES;
				CLANG_CXX_LANGUAGE_STANDARD = "gnu++0x";
				CLANG_CXX_LIBRARY = "libc++";
				CLANG_ENABLE_MODULES = YES;
				CLANG_ENABLE_OBJC_ARC = YES;
				CLANG_WARN_BOOL_CONVERSION = YES;
				CLANG_WARN_CONSTANT_CONVERSION = YES;
				CLANG_WARN_DIRECT_OBJC_ISA_USAGE = YES_ERROR;
				CLANG_WARN_DOCUMENTATION_COMMENTS = YES;
				CLANG_WARN_EMPTY_BODY = YES;
				CLANG_WARN_ENUM_CONVERSION = YES;
				CLANG_WARN_INFINITE_RECURSION = YES;
				CLANG_WARN_INT_CONVERSION = YES;
				CLANG_WARN_OBJC_ROOT_CLASS = YES_ERROR;
				CLANG_WARN_SUSPICIOUS_MOVES = YES;
				CLANG_WARN_UNREACHABLE_CODE = YES;
				CLANG_WARN__DUPLICATE_METHOD_MATCH = YES;
				CODE_SIGN_IDENTITY = "-";
				COPY_PHASE_STRIP = NO;
				DEBUG_INFORMATION_FORMAT = "dwarf-with-dsym";
				ENABLE_NS_ASSERTIONS = NO;
				ENABLE_STRICT_OBJC_MSGSEND = YES;
				GCC_C_LANGUAGE_STANDARD = gnu99;
				GCC_NO_COMMON_BLOCKS = YES;
				GCC_WARN_64_TO_32_BIT_CONVERSION = YES;
				GCC_WARN_ABOUT_RETURN_TYPE = YES_ERROR;
				GCC_WARN_UNDECLARED_SELECTOR = YES;
				GCC_WARN_UNINITIALIZED_AUTOS = YES_AGGRESSIVE;
				GCC_WARN_UNUSED_FUNCTION = YES;
				GCC_WARN_UNUSED_VARIABLE = YES;
				MACOSX_DEPLOYMENT_TARGET = 10.12;
				MTL_ENABLE_DEBUG_INFO = NO;
				SDKROOT = macosx;
			};
			name = Release;
		};
		189C29C21DE1429700E0439F /* Debug */ = {
			isa = XCBuildConfiguration;
			buildSettings = {
				PRODUCT_NAME = "$(TARGET_NAME)";
			};
			name = Debug;
		};
		189C29C31DE1429700E0439F /* Release */ = {
			isa = XCBuildConfiguration;
			buildSettings = {
				PRODUCT_NAME = "$(TARGET_NAME)";
			};
			name = Release;
		};
/* End XCBuildConfiguration section */

/* Begin XCConfigurationList section */
		189C29B51DE1429600E0439F /* Build configuration list for PBXProject "zss" */ = {
			isa = XCConfigurationList;
			buildConfigurations = (
				189C29BF1DE1429700E0439F /* Debug */,
				189C29C01DE1429700E0439F /* Release */,
			);
			defaultConfigurationIsVisible = 0;
			defaultConfigurationName = Release;
		};
		189C29C11DE1429700E0439F /* Build configuration list for PBXNativeTarget "zss" */ = {
			isa = XCConfigurationList;
			buildConfigurations = (
				189C29C21DE1429700E0439F /* Debug */,
				189C29C31DE1429700E0439F /* Release */,
			);
			defaultConfigurationIsVisible = 0;
			defaultConfigurationName = Release;
		};
/* End XCConfigurationList section */
	};
	rootObject = 189C29B21DE1429600E0439F /* Project object */;
}
